
Microsoft Visual Studio Solution File, Format Version 12.00
# Visual Studio Version 17
VisualStudioVersion = 17.6.33829.357
MinimumVisualStudioVersion = 10.0.40219.1
Project("{FAE04EC0-301F-11D3-BF4B-00C04F79EFBC}") = "Abstract vs Interface", "Abstract vs Interface\Abstract vs Interface.csproj", "{4773671D-18E0-4877-8E05-9A218541FDBD}"
EndProject
Global
	GlobalSection(SolutionConfigurationPlatforms) = preSolution
		Debug|Any CPU = Debug|Any CPU
		Release|Any CPU = Release|Any CPU
	EndGlobalSection
	GlobalSection(ProjectConfigurationPlatforms) = postSolution
		{4773671D-18E0-4877-8E05-9A218541FDBD}.Debug|Any CPU.ActiveCfg = Debug|Any CPU
		{4773671D-18E0-4877-8E05-9A218541FDBD}.Debug|Any CPU.Build.0 = Debug|Any CPU
		{4773671D-18E0-4877-8E05-9A218541FDBD}.Release|Any CPU.ActiveCfg = Release|Any CPU
		{4773671D-18E0-4877-8E05-9A218541FDBD}.Release|Any CPU.Build.0 = Release|Any CPU
	EndGlobalSection
	GlobalSection(SolutionProperties) = preSolution
		HideSolutionNode = FALSE
	EndGlobalSection
	GlobalSection(ExtensibilityGlobals) = postSolution
		SolutionGuid = {C3CA88AE-3AD4-4693-B7AB-9E40B97DEE3E}
	EndGlobalSection
EndGlobal
